{
  "name": "typescriptswithsystemjs",
  "version": "1.0.0",
  "lockfileVersion": 1,
  "requires": true,
  "dependencies": {
    "@types/node": {
      "version": "9.6.2",
      "resolved": "https://registry.npmjs.org/@types/node/-/node-9.6.2.tgz",
      "integrity": "sha512-UWkRY9X7RQHp5OhhRIIka58/gVVycL1zHZu0OTsT5LI86ABaMOSbUjAl+b0FeDhQcxclrkyft3kW5QWdMRs8wQ==",
      "dev": true
    },
    "systemjs": {
      "version": "0.21.2",
      "resolved": "https://registry.npmjs.org/systemjs/-/systemjs-0.21.2.tgz",
      "integrity": "sha512-jWyrotOEF5g/ofWVRUIQddGt92XU59jsIaFiQ73TIMyjDuEjhSrXKI4y2a29FtMkqHksDH9wHXPCWiZKH/A2gA==",
      "dev": true
    }
  }
}
